
Microsoft Visual Studio Solution File, Format Version 12.00
# Visual Studio Version 17
VisualStudioVersion = 17.6.33815.320
MinimumVisualStudioVersion = 10.0.40219.1
Project("{FAE04EC0-301F-11D3-BF4B-00C04F79EFBC}") = "DietManager.Android", "DietManager\DietManager.Android\DietManager.Android.csproj", "{4EA57642-B4E8-4BE5-B1AF-2466CB28F2B8}"
EndProject
Project("{FAE04EC0-301F-11D3-BF4B-00C04F79EFBC}") = "DietManager.iOS", "DietManager\DietManager.iOS\DietManager.iOS.csproj", "{7A3C8635-1F8A-4257-BF0A-14D9FFD591E3}"
EndProject
Project("{FAE04EC0-301F-11D3-BF4B-00C04F79EFBC}") = "DietManager", "DietManager\DietManager\DietManager.csproj", "{C3C04199-F51B-4561-874E-2F7FB5FC689A}"
EndProject
Global
	GlobalSection(SolutionConfigurationPlatforms) = preSolution
		Debug|Any CPU = Debug|Any CPU
		Debug|iPhone = Debug|iPhone
		Debug|iPhoneSimulator = Debug|iPhoneSimulator
		Release|Any CPU = Release|Any CPU
		Release|iPhone = Release|iPhone
		Release|iPhoneSimulator = Release|iPhoneSimulator
	EndGlobalSection
	GlobalSection(ProjectConfigurationPlatforms) = postSolution
		{4EA57642-B4E8-4BE5-B1AF-2466CB28F2B8}.Debug|Any CPU.ActiveCfg = Debug|Any CPU
		{4EA57642-B4E8-4BE5-B1AF-2466CB28F2B8}.Debug|Any CPU.Build.0 = Debug|Any CPU
		{4EA57642-B4E8-4BE5-B1AF-2466CB28F2B8}.Debug|Any CPU.Deploy.0 = Debug|Any CPU
		{4EA57642-B4E8-4BE5-B1AF-2466CB28F2B8}.Debug|iPhone.ActiveCfg = Debug|Any CPU
		{4EA57642-B4E8-4BE5-B1AF-2466CB28F2B8}.Debug|iPhone.Build.0 = Debug|Any CPU
		{4EA57642-B4E8-4BE5-B1AF-2466CB28F2B8}.Debug|iPhone.Deploy.0 = Debug|Any CPU
		{4EA57642-B4E8-4BE5-B1AF-2466CB28F2B8}.Debug|iPhoneSimulator.ActiveCfg = Debug|Any CPU
		{4EA57642-B4E8-4BE5-B1AF-2466CB28F2B8}.Debug|iPhoneSimulator.Build.0 = Debug|Any CPU
		{4EA57642-B4E8-4BE5-B1AF-2466CB28F2B8}.Debug|iPhoneSimulator.Deploy.0 = Debug|Any CPU
		{4EA57642-B4E8-4BE5-B1AF-2466CB28F2B8}.Release|Any CPU.ActiveCfg = Release|Any CPU
		{4EA57642-B4E8-4BE5-B1AF-2466CB28F2B8}.Release|Any CPU.Build.0 = Release|Any CPU
		{4EA57642-B4E8-4BE5-B1AF-2466CB28F2B8}.Release|Any CPU.Deploy.0 = Release|Any CPU
		{4EA57642-B4E8-4BE5-B1AF-2466CB28F2B8}.Release|iPhone.ActiveCfg = Release|Any CPU
		{4EA57642-B4E8-4BE5-B1AF-2466CB28F2B8}.Release|iPhone.Build.0 = Release|Any CPU
		{4EA57642-B4E8-4BE5-B1AF-2466CB28F2B8}.Release|iPhone.Deploy.0 = Release|Any CPU
		{4EA57642-B4E8-4BE5-B1AF-2466CB28F2B8}.Release|iPhoneSimulator.ActiveCfg = Release|Any CPU
		{4EA57642-B4E8-4BE5-B1AF-2466CB28F2B8}.Release|iPhoneSimulator.Build.0 = Release|Any CPU
		{4EA57642-B4E8-4BE5-B1AF-2466CB28F2B8}.Release|iPhoneSimulator.Deploy.0 = Release|Any CPU
		{7A3C8635-1F8A-4257-BF0A-14D9FFD591E3}.Debug|Any CPU.ActiveCfg = Debug|iPhone
		{7A3C8635-1F8A-4257-BF0A-14D9FFD591E3}.Debug|Any CPU.Build.0 = Debug|iPhone
		{7A3C8635-1F8A-4257-BF0A-14D9FFD591E3}.Debug|Any CPU.Deploy.0 = Debug|iPhone
		{7A3C8635-1F8A-4257-BF0A-14D9FFD591E3}.Debug|iPhone.ActiveCfg = Debug|iPhone
		{7A3C8635-1F8A-4257-BF0A-14D9FFD591E3}.Debug|iPhone.Build.0 = Debug|iPhone
		{7A3C8635-1F8A-4257-BF0A-14D9FFD591E3}.Debug|iPhone.Deploy.0 = Debug|iPhone
		{7A3C8635-1F8A-4257-BF0A-14D9FFD591E3}.Debug|iPhoneSimulator.ActiveCfg = Debug|iPhoneSimulator
		{7A3C8635-1F8A-4257-BF0A-14D9FFD591E3}.Debug|iPhoneSimulator.Build.0 = Debug|iPhoneSimulator
		{7A3C8635-1F8A-4257-BF0A-14D9FFD591E3}.Debug|iPhoneSimulator.Deploy.0 = Debug|iPhoneSimulator
		{7A3C8635-1F8A-4257-BF0A-14D9FFD591E3}.Release|Any CPU.ActiveCfg = Release|iPhoneSimulator
		{7A3C8635-1F8A-4257-BF0A-14D9FFD591E3}.Release|Any CPU.Build.0 = Release|iPhoneSimulator
		{7A3C8635-1F8A-4257-BF0A-14D9FFD591E3}.Release|Any CPU.Deploy.0 = Release|iPhoneSimulator
		{7A3C8635-1F8A-4257-BF0A-14D9FFD591E3}.Release|iPhone.ActiveCfg = Release|iPhone
		{7A3C8635-1F8A-4257-BF0A-14D9FFD591E3}.Release|iPhone.Build.0 = Release|iPhone
		{7A3C8635-1F8A-4257-BF0A-14D9FFD591E3}.Release|iPhone.Deploy.0 = Release|iPhone
		{7A3C8635-1F8A-4257-BF0A-14D9FFD591E3}.Release|iPhoneSimulator.ActiveCfg = Release|iPhoneSimulator
		{7A3C8635-1F8A-4257-BF0A-14D9FFD591E3}.Release|iPhoneSimulator.Build.0 = Release|iPhoneSimulator
		{7A3C8635-1F8A-4257-BF0A-14D9FFD591E3}.Release|iPhoneSimulator.Deploy.0 = Release|iPhoneSimulator
		{C3C04199-F51B-4561-874E-2F7FB5FC689A}.Debug|Any CPU.ActiveCfg = Debug|Any CPU
		{C3C04199-F51B-4561-874E-2F7FB5FC689A}.Debug|Any CPU.Build.0 = Debug|Any CPU
		{C3C04199-F51B-4561-874E-2F7FB5FC689A}.Debug|Any CPU.Deploy.0 = Debug|Any CPU
		{C3C04199-F51B-4561-874E-2F7FB5FC689A}.Debug|iPhone.ActiveCfg = Debug|Any CPU
		{C3C04199-F51B-4561-874E-2F7FB5FC689A}.Debug|iPhone.Build.0 = Debug|Any CPU
		{C3C04199-F51B-4561-874E-2F7FB5FC689A}.Debug|iPhone.Deploy.0 = Debug|Any CPU
		{C3C04199-F51B-4561-874E-2F7FB5FC689A}.Debug|iPhoneSimulator.ActiveCfg = Debug|Any CPU
		{C3C04199-F51B-4561-874E-2F7FB5FC689A}.Debug|iPhoneSimulator.Build.0 = Debug|Any CPU
		{C3C04199-F51B-4561-874E-2F7FB5FC689A}.Debug|iPhoneSimulator.Deploy.0 = Debug|Any CPU
		{C3C04199-F51B-4561-874E-2F7FB5FC689A}.Release|Any CPU.ActiveCfg = Release|Any CPU
		{C3C04199-F51B-4561-874E-2F7FB5FC689A}.Release|Any CPU.Build.0 = Release|Any CPU
		{C3C04199-F51B-4561-874E-2F7FB5FC689A}.Release|Any CPU.Deploy.0 = Release|Any CPU
		{C3C04199-F51B-4561-874E-2F7FB5FC689A}.Release|iPhone.ActiveCfg = Release|Any CPU
		{C3C04199-F51B-4561-874E-2F7FB5FC689A}.Release|iPhone.Build.0 = Release|Any CPU
		{C3C04199-F51B-4561-874E-2F7FB5FC689A}.Release|iPhone.Deploy.0 = Release|Any CPU
		{C3C04199-F51B-4561-874E-2F7FB5FC689A}.Release|iPhoneSimulator.ActiveCfg = Release|Any CPU
		{C3C04199-F51B-4561-874E-2F7FB5FC689A}.Release|iPhoneSimulator.Build.0 = Release|Any CPU
		{C3C04199-F51B-4561-874E-2F7FB5FC689A}.Release|iPhoneSimulator.Deploy.0 = Release|Any CPU
	EndGlobalSection
	GlobalSection(SolutionProperties) = preSolution
		HideSolutionNode = FALSE
	EndGlobalSection
	GlobalSection(ExtensibilityGlobals) = postSolution
		SolutionGuid = {61A1DE24-9E32-4B66-A149-82A0E384E479}
	EndGlobalSection
EndGlobal
